
Microsoft Visual Studio Solution File, Format Version 12.00
# Visual Studio 14
VisualStudioVersion = 14.0.25420.1
MinimumVisualStudioVersion = 10.0.40219.1
Project("{E24C65DC-7377-472B-9ABA-BC803B73C61A}") = "Website", "Website\", "{BFD83A21-C2C0-4BF9-B82C-EF355F5A8E00}"
	ProjectSection(WebsiteProperties) = preProject
		TargetFrameworkMoniker = ".NETFramework,Version%3Dv4.5.2"
		Debug.AspNetCompiler.VirtualPath = "/localhost_4583"
		Debug.AspNetCompiler.PhysicalPath = "Website\"
		Debug.AspNetCompiler.TargetPath = "PrecompiledWeb\localhost_4583\"
		Debug.AspNetCompiler.Updateable = "true"
		Debug.AspNetCompiler.ForceOverwrite = "true"
		Debug.AspNetCompiler.FixedNames = "false"
		Debug.AspNetCompiler.Debug = "True"
		Release.AspNetCompiler.VirtualPath = "/localhost_4583"
		Release.AspNetCompiler.PhysicalPath = "Website\"
		Release.AspNetCompiler.TargetPath = "PrecompiledWeb\localhost_4583\"
		Release.AspNetCompiler.Updateable = "true"
		Release.AspNetCompiler.ForceOverwrite = "true"
		Release.AspNetCompiler.FixedNames = "false"
		Release.AspNetCompiler.Debug = "False"
		VWDPort = "4583"
		SlnRelativePath = "Website\"
		DefaultWebSiteLanguage = "Visual C#"
	EndProjectSection
EndProject
Project("{FAE04EC0-301F-11D3-BF4B-00C04F79EFBC}") = "ChinookSystem", "ChinookSystem\ChinookSystem.csproj", "{C05D5C38-9B94-43DF-8A15-D80FFAB5DB62}"
EndProject
Project("{FAE04EC0-301F-11D3-BF4B-00C04F79EFBC}") = "ChinookData", "ChinookData\ChinookData.csproj", "{39487DC5-1EE3-45F2-8378-D0BCEFAD313B}"
EndProject
Global
	GlobalSection(SolutionConfigurationPlatforms) = preSolution
		Debug|Any CPU = Debug|Any CPU
		Release|Any CPU = Release|Any CPU
	EndGlobalSection
	GlobalSection(ProjectConfigurationPlatforms) = postSolution
		{BFD83A21-C2C0-4BF9-B82C-EF355F5A8E00}.Debug|Any CPU.ActiveCfg = Debug|Any CPU
		{BFD83A21-C2C0-4BF9-B82C-EF355F5A8E00}.Debug|Any CPU.Build.0 = Debug|Any CPU
		{BFD83A21-C2C0-4BF9-B82C-EF355F5A8E00}.Release|Any CPU.ActiveCfg = Debug|Any CPU
		{BFD83A21-C2C0-4BF9-B82C-EF355F5A8E00}.Release|Any CPU.Build.0 = Debug|Any CPU
		{C05D5C38-9B94-43DF-8A15-D80FFAB5DB62}.Debug|Any CPU.ActiveCfg = Debug|Any CPU
		{C05D5C38-9B94-43DF-8A15-D80FFAB5DB62}.Debug|Any CPU.Build.0 = Debug|Any CPU
		{C05D5C38-9B94-43DF-8A15-D80FFAB5DB62}.Release|Any CPU.ActiveCfg = Release|Any CPU
		{C05D5C38-9B94-43DF-8A15-D80FFAB5DB62}.Release|Any CPU.Build.0 = Release|Any CPU
		{39487DC5-1EE3-45F2-8378-D0BCEFAD313B}.Debug|Any CPU.ActiveCfg = Debug|Any CPU
		{39487DC5-1EE3-45F2-8378-D0BCEFAD313B}.Debug|Any CPU.Build.0 = Debug|Any CPU
		{39487DC5-1EE3-45F2-8378-D0BCEFAD313B}.Release|Any CPU.ActiveCfg = Release|Any CPU
		{39487DC5-1EE3-45F2-8378-D0BCEFAD313B}.Release|Any CPU.Build.0 = Release|Any CPU
	EndGlobalSection
	GlobalSection(SolutionProperties) = preSolution
		HideSolutionNode = FALSE
	EndGlobalSection
EndGlobal
